
Microsoft Visual Studio Solution File, Format Version 12.00
# Visual Studio Version 17
VisualStudioVersion = 17.14.35906.104 d17.14
MinimumVisualStudioVersion = 10.0.40219.1
Project("{FAE04EC0-301F-11D3-BF4B-00C04F79EFBC}") = "Seminar8", "Seminar8\Seminar8.csproj", "{D75B2847-2332-4EC7-90AA-E2F3078A0A65}"
EndProject
Global
	GlobalSection(SolutionConfigurationPlatforms) = preSolution
		Debug|Any CPU = Debug|Any CPU
		Release|Any CPU = Release|Any CPU
	EndGlobalSection
	GlobalSection(ProjectConfigurationPlatforms) = postSolution
		{D75B2847-2332-4EC7-90AA-E2F3078A0A65}.Debug|Any CPU.ActiveCfg = Debug|Any CPU
		{D75B2847-2332-4EC7-90AA-E2F3078A0A65}.Debug|Any CPU.Build.0 = Debug|Any CPU
		{D75B2847-2332-4EC7-90AA-E2F3078A0A65}.Release|Any CPU.ActiveCfg = Release|Any CPU
		{D75B2847-2332-4EC7-90AA-E2F3078A0A65}.Release|Any CPU.Build.0 = Release|Any CPU
	EndGlobalSection
	GlobalSection(SolutionProperties) = preSolution
		HideSolutionNode = FALSE
	EndGlobalSection
	GlobalSection(ExtensibilityGlobals) = postSolution
		SolutionGuid = {D71E274F-2D03-4C3D-9262-AE7F5AC4EE7D}
	EndGlobalSection
EndGlobal
